
Microsoft Visual Studio Solution File, Format Version 12.00
# Visual Studio 15
VisualStudioVersion = 15.0.26124.0
MinimumVisualStudioVersion = 15.0.26124.0
Project("{FAE04EC0-301F-11D3-BF4B-00C04F79EFBC}") = "Demo", "Demo\Demo.csproj", "{BB85BB87-EEEA-413F-B211-43A1E246F2EC}"
EndProject
Global
	GlobalSection(SolutionConfigurationPlatforms) = preSolution
		Debug|Any CPU = Debug|Any CPU
		Release|Any CPU = Release|Any CPU
	EndGlobalSection
	GlobalSection(ProjectConfigurationPlatforms) = postSolution
		{BB85BB87-EEEA-413F-B211-43A1E246F2EC}.Debug|Any CPU.ActiveCfg = Debug|Any CPU
		{BB85BB87-EEEA-413F-B211-43A1E246F2EC}.Debug|Any CPU.Build.0 = Debug|Any CPU
		{BB85BB87-EEEA-413F-B211-43A1E246F2EC}.Release|Any CPU.ActiveCfg = Release|Any CPU
		{BB85BB87-EEEA-413F-B211-43A1E246F2EC}.Release|Any CPU.Build.0 = Release|Any CPU
	EndGlobalSection
	GlobalSection(SolutionProperties) = preSolution
		HideSolutionNode = FALSE
	EndGlobalSection
	GlobalSection(ExtensibilityGlobals) = postSolution
		SolutionGuid = {179CC912-4C1B-4DEF-BC09-DBB5FB09FE24}
	EndGlobalSection
EndGlobal
